// !$*UTF8*$!
{
	archiveVersion = 1;
	classes = {
	};
	objectVersion = 50;
	objects = {

/* Begin PBXBuildFile section */
		C74696DB2088851200C7EF8C /* EMMainController.m in Sources */ = {isa = PBXBuildFile; fileRef = C74696DA2088851200C7EF8C /* EMMainController.m */; };
		C77345A420897AFB00D80F76 /* EMWeekDay.m in Sources */ = {isa = PBXBuildFile; fileRef = C77345A320897AFB00D80F76 /* EMWeekDay.m */; };
		C7F34ABB2087622B00239101 /* AppDelegate.m in Sources */ = {isa = PBXBuildFile; fileRef = C7F34ABA2087622B00239101 /* AppDelegate.m */; };
		C7F34ABE2087622B00239101 /* ViewController.m in Sources */ = {isa = PBXBuildFile; fileRef = C7F34ABD2087622B00239101 /* ViewController.m */; };
		C7F34AC12087622B00239101 /* Main.storyboard in Resources */ = {isa = PBXBuildFile; fileRef = C7F34ABF2087622B00239101 /* Main.storyboard */; };
		C7F34AC32087622C00239101 /* Assets.xcassets in Resources */ = {isa = PBXBuildFile; fileRef = C7F34AC22087622C00239101 /* Assets.xcassets */; };
		C7F34AC62087622C00239101 /* LaunchScreen.storyboard in Resources */ = {isa = PBXBuildFile; fileRef = C7F34AC42087622C00239101 /* LaunchScreen.storyboard */; };
		C7F34AC92087622C00239101 /* main.m in Sources */ = {isa = PBXBuildFile; fileRef = C7F34AC82087622C00239101 /* main.m */; };
		C7F34AF0208762AB00239101 /* UIColor+Extension.m in Sources */ = {isa = PBXBuildFile; fileRef = C7F34AD3208762AB00239101 /* UIColor+Extension.m */; };
		C7F34AF1208762AB00239101 /* EMCalenderMonth.m in Sources */ = {isa = PBXBuildFile; fileRef = C7F34ADC208762AB00239101 /* EMCalenderMonth.m */; };
		C7F34AF2208762AB00239101 /* EMCalender.m in Sources */ = {isa = PBXBuildFile; fileRef = C7F34ADD208762AB00239101 /* EMCalender.m */; };
		C7F34AF3208762AB00239101 /* EMIndexPath.m in Sources */ = {isa = PBXBuildFile; fileRef = C7F34ADE208762AB00239101 /* EMIndexPath.m */; };
		C7F34AF4208762AB00239101 /* EMCalenderDay.m in Sources */ = {isa = PBXBuildFile; fileRef = C7F34ADF208762AB00239101 /* EMCalenderDay.m */; };
		C7F34AF5208762AB00239101 /* EMCalenderDetailView.m in Sources */ = {isa = PBXBuildFile; fileRef = C7F34AE7208762AB00239101 /* EMCalenderDetailView.m */; };
		C7F34AF6208762AB00239101 /* EMCalenderHeader.m in Sources */ = {isa = PBXBuildFile; fileRef = C7F34AE8208762AB00239101 /* EMCalenderHeader.m */; };
		C7F34AF7208762AB00239101 /* EMCalenderItem.m in Sources */ = {isa = PBXBuildFile; fileRef = C7F34AE9208762AB00239101 /* EMCalenderItem.m */; };
		C7F34AF8208762AB00239101 /* EMCalenderCell.m in Sources */ = {isa = PBXBuildFile; fileRef = C7F34AEA208762AB00239101 /* EMCalenderCell.m */; };
		C7F34AF9208762AB00239101 /* EMCalenderView.m in Sources */ = {isa = PBXBuildFile; fileRef = C7F34AEB208762AB00239101 /* EMCalenderView.m */; };
		C7F34AFA208762AB00239101 /* EMCalenderEditView.m in Sources */ = {isa = PBXBuildFile; fileRef = C7F34AEC208762AB00239101 /* EMCalenderEditView.m */; };
		C7F34AFB208762AB00239101 /* EMCalenderController.m in Sources */ = {isa = PBXBuildFile; fileRef = C7F34AEF208762AB00239101 /* EMCalenderController.m */; };
		C7F34AFE208762BE00239101 /* AppDelegate+Extension.m in Sources */ = {isa = PBXBuildFile; fileRef = C7F34AFC208762BE00239101 /* AppDelegate+Extension.m */; };
		D0AE488A6B06FFE8EF59533E /* libPods-EMCalender.a in Frameworks */ = {isa = PBXBuildFile; fileRef = E7FCDCE62B04A6E77C9D5EBB /* libPods-EMCalender.a */; };
/* End PBXBuildFile section */

/* Begin PBXFileReference section */
		ADC98FDB66600B3BDD7C732A /* Pods-EMCalender.release.xcconfig */ = {isa = PBXFileReference; includeInIndex = 1; lastKnownFileType = text.xcconfig; name = "Pods-EMCalender.release.xcconfig"; path = "Pods/Target Support Files/Pods-EMCalender/Pods-EMCalender.release.xcconfig"; sourceTree = "<group>"; };
		C74696D92088851200C7EF8C /* EMMainController.h */ = {isa = PBXFileReference; lastKnownFileType = sourcecode.c.h; path = EMMainController.h; sourceTree = "<group>"; };
		C74696DA2088851200C7EF8C /* EMMainController.m */ = {isa = PBXFileReference; lastKnownFileType = sourcecode.c.objc; path = EMMainController.m; sourceTree = "<group>"; };
		C77345A220897AFB00D80F76 /* EMWeekDay.h */ = {isa = PBXFileReference; lastKnownFileType = sourcecode.c.h; path = EMWeekDay.h; sourceTree = "<group>"; };
		C77345A320897AFB00D80F76 /* EMWeekDay.m */ = {isa = PBXFileReference; lastKnownFileType = sourcecode.c.objc; path = EMWeekDay.m; sourceTree = "<group>"; };
		C7F34AB62087622B00239101 /* EMCalender.app */ = {isa = PBXFileReference; explicitFileType = wrapper.application; includeInIndex = 0; path = EMCalender.app; sourceTree = BUILT_PRODUCTS_DIR; };
		C7F34AB92087622B00239101 /* AppDelegate.h */ = {isa = PBXFileReference; lastKnownFileType = sourcecode.c.h; path = AppDelegate.h; sourceTree = "<group>"; };
		C7F34ABA2087622B00239101 /* AppDelegate.m */ = {isa = PBXFileReference; lastKnownFileType = sourcecode.c.objc; path = AppDelegate.m; sourceTree = "<group>"; };
		C7F34ABC2087622B00239101 /* ViewController.h */ = {isa = PBXFileReference; lastKnownFileType = sourcecode.c.h; path = ViewController.h; sourceTree = "<group>"; };
		C7F34ABD2087622B00239101 /* ViewController.m */ = {isa = PBXFileReference; lastKnownFileType = sourcecode.c.objc; path = ViewController.m; sourceTree = "<group>"; };
		C7F34AC02087622B00239101 /* Base */ = {isa = PBXFileReference; lastKnownFileType = file.storyboard; name = Base; path = Base.lproj/Main.storyboard; sourceTree = "<group>"; };
		C7F34AC22087622C00239101 /* Assets.xcassets */ = {isa = PBXFileReference; lastKnownFileType = folder.assetcatalog; path = Assets.xcassets; sourceTree = "<group>"; };
		C7F34AC52087622C00239101 /* Base */ = {isa = PBXFileReference; lastKnownFileType = file.storyboard; name = Base; path = Base.lproj/LaunchScreen.storyboard; sourceTree = "<group>"; };
		C7F34AC72087622C00239101 /* Info.plist */ = {isa = PBXFileReference; lastKnownFileType = text.plist.xml; path = Info.plist; sourceTree = "<group>"; };
		C7F34AC82087622C00239101 /* main.m */ = {isa = PBXFileReference; lastKnownFileType = sourcecode.c.objc; path = main.m; sourceTree = "<group>"; };
		C7F34AD2208762AB00239101 /* UIColor+Extension.h */ = {isa = PBXFileReference; fileEncoding = 4; lastKnownFileType = sourcecode.c.h; path = "UIColor+Extension.h"; sourceTree = "<group>"; };
		C7F34AD3208762AB00239101 /* UIColor+Extension.m */ = {isa = PBXFileReference; fileEncoding = 4; lastKnownFileType = sourcecode.c.objc; path = "UIColor+Extension.m"; sourceTree = "<group>"; };
		C7F34AD8208762AB00239101 /* EMCalenderMonth.h */ = {isa = PBXFileReference; fileEncoding = 4; lastKnownFileType = sourcecode.c.h; path = EMCalenderMonth.h; sourceTree = "<group>"; };
		C7F34AD9208762AB00239101 /* EMCalender.h */ = {isa = PBXFileReference; fileEncoding = 4; lastKnownFileType = sourcecode.c.h; path = EMCalender.h; sourceTree = "<group>"; };
		C7F34ADA208762AB00239101 /* EMCalenderDay.h */ = {isa = PBXFileReference; fileEncoding = 4; lastKnownFileType = sourcecode.c.h; path = EMCalenderDay.h; sourceTree = "<group>"; };
		C7F34ADB208762AB00239101 /* EMIndexPath.h */ = {isa = PBXFileReference; fileEncoding = 4; lastKnownFileType = sourcecode.c.h; path = EMIndexPath.h; sourceTree = "<group>"; };
		C7F34ADC208762AB00239101 /* EMCalenderMonth.m */ = {isa = PBXFileReference; fileEncoding = 4; lastKnownFileType = sourcecode.c.objc; path = EMCalenderMonth.m; sourceTree = "<group>"; };
		C7F34ADD208762AB00239101 /* EMCalender.m */ = {isa = PBXFileReference; fileEncoding = 4; lastKnownFileType = sourcecode.c.objc; path = EMCalender.m; sourceTree = "<group>"; };
		C7F34ADE208762AB00239101 /* EMIndexPath.m */ = {isa = PBXFileReference; fileEncoding = 4; lastKnownFileType = sourcecode.c.objc; path = EMIndexPath.m; sourceTree = "<group>"; };
		C7F34ADF208762AB00239101 /* EMCalenderDay.m */ = {isa = PBXFileReference; fileEncoding = 4; lastKnownFileType = sourcecode.c.objc; path = EMCalenderDay.m; sourceTree = "<group>"; };
		C7F34AE1208762AB00239101 /* EMCalenderHeader.h */ = {isa = PBXFileReference; fileEncoding = 4; lastKnownFileType = sourcecode.c.h; path = EMCalenderHeader.h; sourceTree = "<group>"; };
		C7F34AE2208762AB00239101 /* EMCalenderDetailView.h */ = {isa = PBXFileReference; fileEncoding = 4; lastKnownFileType = sourcecode.c.h; path = EMCalenderDetailView.h; sourceTree = "<group>"; };
		C7F34AE3208762AB00239101 /* EMCalenderCell.h */ = {isa = PBXFileReference; fileEncoding = 4; lastKnownFileType = sourcecode.c.h; path = EMCalenderCell.h; sourceTree = "<group>"; };
		C7F34AE4208762AB00239101 /* EMCalenderItem.h */ = {isa = PBXFileReference; fileEncoding = 4; lastKnownFileType = sourcecode.c.h; path = EMCalenderItem.h; sourceTree = "<group>"; };
		C7F34AE5208762AB00239101 /* EMCalenderEditView.h */ = {isa = PBXFileReference; fileEncoding = 4; lastKnownFileType = sourcecode.c.h; path = EMCalenderEditView.h; sourceTree = "<group>"; };
		C7F34AE6208762AB00239101 /* EMCalenderView.h */ = {isa = PBXFileReference; fileEncoding = 4; lastKnownFileType = sourcecode.c.h; path = EMCalenderView.h; sourceTree = "<group>"; };
		C7F34AE7208762AB00239101 /* EMCalenderDetailView.m */ = {isa = PBXFileReference; fileEncoding = 4; lastKnownFileType = sourcecode.c.objc; path = EMCalenderDetailView.m; sourceTree = "<group>"; };
		C7F34AE8208762AB00239101 /* EMCalenderHeader.m */ = {isa = PBXFileReference; fileEncoding = 4; lastKnownFileType = sourcecode.c.objc; path = EMCalenderHeader.m; sourceTree = "<group>"; };
		C7F34AE9208762AB00239101 /* EMCalenderItem.m */ = {isa = PBXFileReference; fileEncoding = 4; lastKnownFileType = sourcecode.c.objc; path = EMCalenderItem.m; sourceTree = "<group>"; };
		C7F34AEA208762AB00239101 /* EMCalenderCell.m */ = {isa = PBXFileReference; fileEncoding = 4; lastKnownFileType = sourcecode.c.objc; path = EMCalenderCell.m; sourceTree = "<group>"; };
		C7F34AEB208762AB00239101 /* EMCalenderView.m */ = {isa = PBXFileReference; fileEncoding = 4; lastKnownFileType = sourcecode.c.objc; path = EMCalenderView.m; sourceTree = "<group>"; };
		C7F34AEC208762AB00239101 /* EMCalenderEditView.m */ = {isa = PBXFileReference; fileEncoding = 4; lastKnownFileType = sourcecode.c.objc; path = EMCalenderEditView.m; sourceTree = "<group>"; };
		C7F34AEE208762AB00239101 /* EMCalenderController.h */ = {isa = PBXFileReference; fileEncoding = 4; lastKnownFileType = sourcecode.c.h; path = EMCalenderController.h; sourceTree = "<group>"; };
		C7F34AEF208762AB00239101 /* EMCalenderController.m */ = {isa = PBXFileReference; fileEncoding = 4; lastKnownFileType = sourcecode.c.objc; path = EMCalenderController.m; sourceTree = "<group>"; };
		C7F34AFC208762BE00239101 /* AppDelegate+Extension.m */ = {isa = PBXFileReference; fileEncoding = 4; lastKnownFileType = sourcecode.c.objc; path = "AppDelegate+Extension.m"; sourceTree = "<group>"; };
		C7F34AFD208762BE00239101 /* AppDelegate+Extension.h */ = {isa = PBXFileReference; fileEncoding = 4; lastKnownFileType = sourcecode.c.h; path = "AppDelegate+Extension.h"; sourceTree = "<group>"; };
		E7FCDCE62B04A6E77C9D5EBB /* libPods-EMCalender.a */ = {isa = PBXFileReference; explicitFileType = archive.ar; includeInIndex = 0; path = "libPods-EMCalender.a"; sourceTree = BUILT_PRODUCTS_DIR; };
		ECD8674F7AEBE335EB32744B /* Pods-EMCalender.debug.xcconfig */ = {isa = PBXFileReference; includeInIndex = 1; lastKnownFileType = text.xcconfig; name = "Pods-EMCalender.debug.xcconfig"; path = "Pods/Target Support Files/Pods-EMCalender/Pods-EMCalender.debug.xcconfig"; sourceTree = "<group>"; };
/* End PBXFileReference section */

/* Begin PBXFrameworksBuildPhase section */
		C7F34AB32087622B00239101 /* Frameworks */ = {
			isa = PBXFrameworksBuildPhase;
			buildActionMask = 2147483647;
			files = (
				D0AE488A6B06FFE8EF59533E /* libPods-EMCalender.a in Frameworks */,
			);
			runOnlyForDeploymentPostprocessing = 0;
		};
/* End PBXFrameworksBuildPhase section */

/* Begin PBXGroup section */
		6DCCAADFF1215310C88E1A05 /* Frameworks */ = {
			isa = PBXGroup;
			children = (
				E7FCDCE62B04A6E77C9D5EBB /* libPods-EMCalender.a */,
			);
			name = Frameworks;
			sourceTree = "<group>";
		};
		83B9FEBAB921FB1A9DC106A3 /* Pods */ = {
			isa = PBXGroup;
			children = (
				ECD8674F7AEBE335EB32744B /* Pods-EMCalender.debug.xcconfig */,
				ADC98FDB66600B3BDD7C732A /* Pods-EMCalender.release.xcconfig */,
			);
			name = Pods;
			sourceTree = "<group>";
		};
		C74696D8208884FB00C7EF8C /* main */ = {
			isa = PBXGroup;
			children = (
				C74696D92088851200C7EF8C /* EMMainController.h */,
				C74696DA2088851200C7EF8C /* EMMainController.m */,
			);
			path = main;
			sourceTree = "<group>";
		};
		C7F34AAD2087622B00239101 = {
			isa = PBXGroup;
			children = (
				C7F34AB82087622B00239101 /* EMCalender */,
				C7F34AB72087622B00239101 /* Products */,
				83B9FEBAB921FB1A9DC106A3 /* Pods */,
				6DCCAADFF1215310C88E1A05 /* Frameworks */,
			);
			sourceTree = "<group>";
		};
		C7F34AB72087622B00239101 /* Products */ = {
			isa = PBXGroup;
			children = (
				C7F34AB62087622B00239101 /* EMCalender.app */,
			);
			name = Products;
			sourceTree = "<group>";
		};
		C7F34AB82087622B00239101 /* EMCalender */ = {
			isa = PBXGroup;
			children = (
				C7F34ACF208762AB00239101 /* develop */,
				C7F34AB92087622B00239101 /* AppDelegate.h */,
				C7F34ABA2087622B00239101 /* AppDelegate.m */,
				C7F34AFD208762BE00239101 /* AppDelegate+Extension.h */,
				C7F34AFC208762BE00239101 /* AppDelegate+Extension.m */,
				C7F34ABC2087622B00239101 /* ViewController.h */,
				C7F34ABD2087622B00239101 /* ViewController.m */,
				C7F34ABF2087622B00239101 /* Main.storyboard */,
				C7F34AC22087622C00239101 /* Assets.xcassets */,
				C7F34AC42087622C00239101 /* LaunchScreen.storyboard */,
				C7F34AC72087622C00239101 /* Info.plist */,
				C7F34AC82087622C00239101 /* main.m */,
			);
			path = EMCalender;
			sourceTree = "<group>";
		};
		C7F34ACF208762AB00239101 /* develop */ = {
			isa = PBXGroup;
			children = (
				C7F34AD0208762AB00239101 /* common */,
				C7F34AD4208762AB00239101 /* class */,
			);
			path = develop;
			sourceTree = "<group>";
		};
		C7F34AD0208762AB00239101 /* common */ = {
			isa = PBXGroup;
			children = (
				C7F34AD1208762AB00239101 /* extension */,
			);
			path = common;
			sourceTree = "<group>";
		};
		C7F34AD1208762AB00239101 /* extension */ = {
			isa = PBXGroup;
			children = (
				C7F34AD2208762AB00239101 /* UIColor+Extension.h */,
				C7F34AD3208762AB00239101 /* UIColor+Extension.m */,
			);
			path = extension;
			sourceTree = "<group>";
		};
		C7F34AD4208762AB00239101 /* class */ = {
			isa = PBXGroup;
			children = (
				C74696D8208884FB00C7EF8C /* main */,
				C7F34AD5208762AB00239101 /* calender */,
			);
			path = class;
			sourceTree = "<group>";
		};
		C7F34AD5208762AB00239101 /* calender */ = {
			isa = PBXGroup;
			children = (
				C7F34AED208762AB00239101 /* controller */,
				C7F34AD6208762AB00239101 /* EMCalender */,
			);
			path = calender;
			sourceTree = "<group>";
		};
		C7F34AD6208762AB00239101 /* EMCalender */ = {
			isa = PBXGroup;
			children = (
				C7F34AE0208762AB00239101 /* view */,
				C7F34AD7208762AB00239101 /* model */,
			);
			path = EMCalender;
			sourceTree = "<group>";
		};
		C7F34AD7208762AB00239101 /* model */ = {
			isa = PBXGroup;
			children = (
				C7F34AD9208762AB00239101 /* EMCalender.h */,
				C7F34ADD208762AB00239101 /* EMCalender.m */,
				C7F34ADA208762AB00239101 /* EMCalenderDay.h */,
				C7F34ADF208762AB00239101 /* EMCalenderDay.m */,
				C7F34AD8208762AB00239101 /* EMCalenderMonth.h */,
				C7F34ADC208762AB00239101 /* EMCalenderMonth.m */,
				C7F34ADB208762AB00239101 /* EMIndexPath.h */,
				C7F34ADE208762AB00239101 /* EMIndexPath.m */,
				C77345A220897AFB00D80F76 /* EMWeekDay.h */,
				C77345A320897AFB00D80F76 /* EMWeekDay.m */,
			);
			path = model;
			sourceTree = "<group>";
		};
		C7F34AE0208762AB00239101 /* view */ = {
			isa = PBXGroup;
			children = (
				C7F34AE6208762AB00239101 /* EMCalenderView.h */,
				C7F34AEB208762AB00239101 /* EMCalenderView.m */,
				C7F34AE3208762AB00239101 /* EMCalenderCell.h */,
				C7F34AEA208762AB00239101 /* EMCalenderCell.m */,
				C7F34AE4208762AB00239101 /* EMCalenderItem.h */,
				C7F34AE9208762AB00239101 /* EMCalenderItem.m */,
				C7F34AE2208762AB00239101 /* EMCalenderDetailView.h */,
				C7F34AE7208762AB00239101 /* EMCalenderDetailView.m */,
				C7F34AE5208762AB00239101 /* EMCalenderEditView.h */,
				C7F34AEC208762AB00239101 /* EMCalenderEditView.m */,
				C7F34AE1208762AB00239101 /* EMCalenderHeader.h */,
				C7F34AE8208762AB00239101 /* EMCalenderHeader.m */,
			);
			path = view;
			sourceTree = "<group>";
		};
		C7F34AED208762AB00239101 /* controller */ = {
			isa = PBXGroup;
			children = (
				C7F34AEE208762AB00239101 /* EMCalenderController.h */,
				C7F34AEF208762AB00239101 /* EMCalenderController.m */,
			);
			path = controller;
			sourceTree = "<group>";
		};
/* End PBXGroup section */

/* Begin PBXNativeTarget section */
		C7F34AB52087622B00239101 /* EMCalender */ = {
			isa = PBXNativeTarget;
			buildConfigurationList = C7F34ACC2087622C00239101 /* Build configuration list for PBXNativeTarget "EMCalender" */;
			buildPhases = (
				8398A803BD37345789D0B5D9 /* [CP] Check Pods Manifest.lock */,
				C7F34AB22087622B00239101 /* Sources */,
				C7F34AB32087622B00239101 /* Frameworks */,
				C7F34AB42087622B00239101 /* Resources */,
				17EBAFA4BA6B8BF38F622ACD /* [CP] Embed Pods Frameworks */,
				2F58B0ACE91F1AD5BE0B8AF5 /* [CP] Copy Pods Resources */,
			);
			buildRules = (
			);
			dependencies = (
			);
			name = EMCalender;
			productName = EMCalender;
			productReference = C7F34AB62087622B00239101 /* EMCalender.app */;
			productType = "com.apple.product-type.application";
		};
/* End PBXNativeTarget section */

/* Begin PBXProject section */
		C7F34AAE2087622B00239101 /* Project object */ = {
			isa = PBXProject;
			attributes = {
				LastUpgradeCheck = 0930;
				ORGANIZATIONNAME = tramp;
				TargetAttributes = {
					C7F34AB52087622B00239101 = {
						CreatedOnToolsVersion = 9.3;
					};
				};
			};
			buildConfigurationList = C7F34AB12087622B00239101 /* Build configuration list for PBXProject "EMCalender" */;
			compatibilityVersion = "Xcode 9.3";
			developmentRegion = en;
			hasScannedForEncodings = 0;
			knownRegions = (
				en,
				Base,
			);
			mainGroup = C7F34AAD2087622B00239101;
			productRefGroup = C7F34AB72087622B00239101 /* Products */;
			projectDirPath = "";
			projectRoot = "";
			targets = (
				C7F34AB52087622B00239101 /* EMCalender */,
			);
		};
/* End PBXProject section */

/* Begin PBXResourcesBuildPhase section */
		C7F34AB42087622B00239101 /* Resources */ = {
			isa = PBXResourcesBuildPhase;
			buildActionMask = 2147483647;
			files = (
				C7F34AC62087622C00239101 /* LaunchScreen.storyboard in Resources */,
				C7F34AC32087622C00239101 /* Assets.xcassets in Resources */,
				C7F34AC12087622B00239101 /* Main.storyboard in Resources */,
			);
			runOnlyForDeploymentPostprocessing = 0;
		};
/* End PBXResourcesBuildPhase section */

/* Begin PBXShellScriptBuildPhase section */
		17EBAFA4BA6B8BF38F622ACD /* [CP] Embed Pods Frameworks */ = {
			isa = PBXShellScriptBuildPhase;
			buildActionMask = 2147483647;
			files = (
			);
			inputPaths = (
			);
			name = "[CP] Embed Pods Frameworks";
			outputPaths = (
			);
			runOnlyForDeploymentPostprocessing = 0;
			shellPath = /bin/sh;
			shellScript = "\"${SRCROOT}/Pods/Target Support Files/Pods-EMCalender/Pods-EMCalender-frameworks.sh\"\n";
			showEnvVarsInLog = 0;
		};
		2F58B0ACE91F1AD5BE0B8AF5 /* [CP] Copy Pods Resources */ = {
			isa = PBXShellScriptBuildPhase;
			buildActionMask = 2147483647;
			files = (
			);
			inputPaths = (
			);
			name = "[CP] Copy Pods Resources";
			outputPaths = (
			);
			runOnlyForDeploymentPostprocessing = 0;
			shellPath = /bin/sh;
			shellScript = "\"${SRCROOT}/Pods/Target Support Files/Pods-EMCalender/Pods-EMCalender-resources.sh\"\n";
			showEnvVarsInLog = 0;
		};
		8398A803BD37345789D0B5D9 /* [CP] Check Pods Manifest.lock */ = {
			isa = PBXShellScriptBuildPhase;
			buildActionMask = 2147483647;
			files = (
			);
			inputPaths = (
				"${PODS_PODFILE_DIR_PATH}/Podfile.lock",
				"${PODS_ROOT}/Manifest.lock",
			);
			name = "[CP] Check Pods Manifest.lock";
			outputPaths = (
				"$(DERIVED_FILE_DIR)/Pods-EMCalender-checkManifestLockResult.txt",
			);
			runOnlyForDeploymentPostprocessing = 0;
			shellPath = /bin/sh;
			shellScript = "diff \"${PODS_PODFILE_DIR_PATH}/Podfile.lock\" \"${PODS_ROOT}/Manifest.lock\" > /dev/null\nif [ $? != 0 ] ; then\n    # print error to STDERR\n    echo \"error: The sandbox is not in sync with the Podfile.lock. Run 'pod install' or update your CocoaPods installation.\" >&2\n    exit 1\nfi\n# This output is used by Xcode 'outputs' to avoid re-running this script phase.\necho \"SUCCESS\" > \"${SCRIPT_OUTPUT_FILE_0}\"\n";
			showEnvVarsInLog = 0;
		};
/* End PBXShellScriptBuildPhase section */

/* Begin PBXSourcesBuildPhase section */
		C7F34AB22087622B00239101 /* Sources */ = {
			isa = PBXSourcesBuildPhase;
			buildActionMask = 2147483647;
			files = (
				C7F34AF4208762AB00239101 /* EMCalenderDay.m in Sources */,
				C7F34AF1208762AB00239101 /* EMCalenderMonth.m in Sources */,
				C7F34AF6208762AB00239101 /* EMCalenderHeader.m in Sources */,
				C7F34ABE2087622B00239101 /* ViewController.m in Sources */,
				C7F34AC92087622C00239101 /* main.m in Sources */,
				C7F34AF7208762AB00239101 /* EMCalenderItem.m in Sources */,
				C7F34AFE208762BE00239101 /* AppDelegate+Extension.m in Sources */,
				C7F34AF2208762AB00239101 /* EMCalender.m in Sources */,
				C77345A420897AFB00D80F76 /* EMWeekDay.m in Sources */,
				C7F34AFB208762AB00239101 /* EMCalenderController.m in Sources */,
				C7F34AF8208762AB00239101 /* EMCalenderCell.m in Sources */,
				C7F34ABB2087622B00239101 /* AppDelegate.m in Sources */,
				C7F34AF3208762AB00239101 /* EMIndexPath.m in Sources */,
				C7F34AF5208762AB00239101 /* EMCalenderDetailView.m in Sources */,
				C7F34AF0208762AB00239101 /* UIColor+Extension.m in Sources */,
				C74696DB2088851200C7EF8C /* EMMainController.m in Sources */,
				C7F34AFA208762AB00239101 /* EMCalenderEditView.m in Sources */,
				C7F34AF9208762AB00239101 /* EMCalenderView.m in Sources */,
			);
			runOnlyForDeploymentPostprocessing = 0;
		};
/* End PBXSourcesBuildPhase section */

/* Begin PBXVariantGroup section */
		C7F34ABF2087622B00239101 /* Main.storyboard */ = {
			isa = PBXVariantGroup;
			children = (
				C7F34AC02087622B00239101 /* Base */,
			);
			name = Main.storyboard;
			sourceTree = "<group>";
		};
		C7F34AC42087622C00239101 /* LaunchScreen.storyboard */ = {
			isa = PBXVariantGroup;
			children = (
				C7F34AC52087622C00239101 /* Base */,
			);
			name = LaunchScreen.storyboard;
			sourceTree = "<group>";
		};
/* End PBXVariantGroup section */

/* Begin XCBuildConfiguration section */
		C7F34ACA2087622C00239101 /* Debug */ = {
			isa = XCBuildConfiguration;
			buildSettings = {
				ALWAYS_SEARCH_USER_PATHS = NO;
				CLANG_ANALYZER_NONNULL = YES;
				CLANG_ANALYZER_NUMBER_OBJECT_CONVERSION = YES_AGGRESSIVE;
				CLANG_CXX_LANGUAGE_STANDARD = "gnu++14";
				CLANG_CXX_LIBRARY = "libc++";
				CLANG_ENABLE_MODULES = YES;
				CLANG_ENABLE_OBJC_ARC = YES;
				CLANG_ENABLE_OBJC_WEAK = YES;
				CLANG_WARN_BLOCK_CAPTURE_AUTORELEASING = YES;
				CLANG_WARN_BOOL_CONVERSION = YES;
				CLANG_WARN_COMMA = YES;
				CLANG_WARN_CONSTANT_CONVERSION = YES;
				CLANG_WARN_DEPRECATED_OBJC_IMPLEMENTATIONS = YES;
				CLANG_WARN_DIRECT_OBJC_ISA_USAGE = YES_ERROR;
				CLANG_WARN_DOCUMENTATION_COMMENTS = YES;
				CLANG_WARN_EMPTY_BODY = YES;
				CLANG_WARN_ENUM_CONVERSION = YES;
				CLANG_WARN_INFINITE_RECURSION = YES;
				CLANG_WARN_INT_CONVERSION = YES;
				CLANG_WARN_NON_LITERAL_NULL_CONVERSION = YES;
				CLANG_WARN_OBJC_IMPLICIT_RETAIN_SELF = YES;
				CLANG_WARN_OBJC_LITERAL_CONVERSION = YES;
				CLANG_WARN_OBJC_ROOT_CLASS = YES_ERROR;
				CLANG_WARN_RANGE_LOOP_ANALYSIS = YES;
				CLANG_WARN_STRICT_PROTOTYPES = YES;
				CLANG_WARN_SUSPICIOUS_MOVE = YES;
				CLANG_WARN_UNGUARDED_AVAILABILITY = YES_AGGRESSIVE;
				CLANG_WARN_UNREACHABLE_CODE = YES;
				CLANG_WARN__DUPLICATE_METHOD_MATCH = YES;
				CODE_SIGN_IDENTITY = "iPhone Developer";
				COPY_PHASE_STRIP = NO;
				DEBUG_INFORMATION_FORMAT = dwarf;
				ENABLE_STRICT_OBJC_MSGSEND = YES;
				ENABLE_TESTABILITY = YES;
				GCC_C_LANGUAGE_STANDARD = gnu11;
				GCC_DYNAMIC_NO_PIC = NO;
				GCC_NO_COMMON_BLOCKS = YES;
				GCC_OPTIMIZATION_LEVEL = 0;
				GCC_PREPROCESSOR_DEFINITIONS = (
					"DEBUG=1",
					"$(inherited)",
				);
				GCC_WARN_64_TO_32_BIT_CONVERSION = YES;
				GCC_WARN_ABOUT_RETURN_TYPE = YES_ERROR;
				GCC_WARN_UNDECLARED_SELECTOR = YES;
				GCC_WARN_UNINITIALIZED_AUTOS = YES_AGGRESSIVE;
				GCC_WARN_UNUSED_FUNCTION = YES;
				GCC_WARN_UNUSED_VARIABLE = YES;
				IPHONEOS_DEPLOYMENT_TARGET = 11.3;
				MTL_ENABLE_DEBUG_INFO = YES;
				ONLY_ACTIVE_ARCH = YES;
				SDKROOT = iphoneos;
			};
			name = Debug;
		};
		C7F34ACB2087622C00239101 /* Release */ = {
			isa = XCBuildConfiguration;
			buildSettings = {
				ALWAYS_SEARCH_USER_PATHS = NO;
				CLANG_ANALYZER_NONNULL = YES;
				CLANG_ANALYZER_NUMBER_OBJECT_CONVERSION = YES_AGGRESSIVE;
				CLANG_CXX_LANGUAGE_STANDARD = "gnu++14";
				CLANG_CXX_LIBRARY = "libc++";
				CLANG_ENABLE_MODULES = YES;
				CLANG_ENABLE_OBJC_ARC = YES;
				CLANG_ENABLE_OBJC_WEAK = YES;
				CLANG_WARN_BLOCK_CAPTURE_AUTORELEASING = YES;
				CLANG_WARN_BOOL_CONVERSION = YES;
				CLANG_WARN_COMMA = YES;
				CLANG_WARN_CONSTANT_CONVERSION = YES;
				CLANG_WARN_DEPRECATED_OBJC_IMPLEMENTATIONS = YES;
				CLANG_WARN_DIRECT_OBJC_ISA_USAGE = YES_ERROR;
				CLANG_WARN_DOCUMENTATION_COMMENTS = YES;
				CLANG_WARN_EMPTY_BODY = YES;
				CLANG_WARN_ENUM_CONVERSION = YES;
				CLANG_WARN_INFINITE_RECURSION = YES;
				CLANG_WARN_INT_CONVERSION = YES;
				CLANG_WARN_NON_LITERAL_NULL_CONVERSION = YES;
				CLANG_WARN_OBJC_IMPLICIT_RETAIN_SELF = YES;
				CLANG_WARN_OBJC_LITERAL_CONVERSION = YES;
				CLANG_WARN_OBJC_ROOT_CLASS = YES_ERROR;
				CLANG_WARN_RANGE_LOOP_ANALYSIS = YES;
				CLANG_WARN_STRICT_PROTOTYPES = YES;
				CLANG_WARN_SUSPICIOUS_MOVE = YES;
				CLANG_WARN_UNGUARDED_AVAILABILITY = YES_AGGRESSIVE;
				CLANG_WARN_UNREACHABLE_CODE = YES;
				CLANG_WARN__DUPLICATE_METHOD_MATCH = YES;
				CODE_SIGN_IDENTITY = "iPhone Developer";
				COPY_PHASE_STRIP = NO;
				DEBUG_INFORMATION_FORMAT = "dwarf-with-dsym";
				ENABLE_NS_ASSERTIONS = NO;
				ENABLE_STRICT_OBJC_MSGSEND = YES;
				GCC_C_LANGUAGE_STANDARD = gnu11;
				GCC_NO_COMMON_BLOCKS = YES;
				GCC_WARN_64_TO_32_BIT_CONVERSION = YES;
				GCC_WARN_ABOUT_RETURN_TYPE = YES_ERROR;
				GCC_WARN_UNDECLARED_SELECTOR = YES;
				GCC_WARN_UNINITIALIZED_AUTOS = YES_AGGRESSIVE;
				GCC_WARN_UNUSED_FUNCTION = YES;
				GCC_WARN_UNUSED_VARIABLE = YES;
				IPHONEOS_DEPLOYMENT_TARGET = 11.3;
				MTL_ENABLE_DEBUG_INFO = NO;
				SDKROOT = iphoneos;
				VALIDATE_PRODUCT = YES;
			};
			name = Release;
		};
		C7F34ACD2087622C00239101 /* Debug */ = {
			isa = XCBuildConfiguration;
			baseConfigurationReference = ECD8674F7AEBE335EB32744B /* Pods-EMCalender.debug.xcconfig */;
			buildSettings = {
				ASSETCATALOG_COMPILER_APPICON_NAME = AppIcon;
				CODE_SIGN_STYLE = Automatic;
				DEVELOPMENT_TEAM = 6W77EGW7S3;
				INFOPLIST_FILE = EMCalender/Info.plist;
				IPHONEOS_DEPLOYMENT_TARGET = 9.0;
				LD_RUNPATH_SEARCH_PATHS = (
					"$(inherited)",
					"@executable_path/Frameworks",
				);
				PRODUCT_BUNDLE_IDENTIFIER = com.sina.staff.tramp.EMCalender;
				PRODUCT_NAME = "$(TARGET_NAME)";
				TARGETED_DEVICE_FAMILY = "1,2";
			};
			name = Debug;
		};
		C7F34ACE2087622C00239101 /* Release */ = {
			isa = XCBuildConfiguration;
			baseConfigurationReference = ADC98FDB66600B3BDD7C732A /* Pods-EMCalender.release.xcconfig */;
			buildSettings = {
				ASSETCATALOG_COMPILER_APPICON_NAME = AppIcon;
				CODE_SIGN_STYLE = Automatic;
				DEVELOPMENT_TEAM = 6W77EGW7S3;
				INFOPLIST_FILE = EMCalender/Info.plist;
				IPHONEOS_DEPLOYMENT_TARGET = 9.0;
				LD_RUNPATH_SEARCH_PATHS = (
					"$(inherited)",
					"@executable_path/Frameworks",
				);
				PRODUCT_BUNDLE_IDENTIFIER = com.sina.staff.tramp.EMCalender;
				PRODUCT_NAME = "$(TARGET_NAME)";
				TARGETED_DEVICE_FAMILY = "1,2";
			};
			name = Release;
		};
/* End XCBuildConfiguration section */

/* Begin XCConfigurationList section */
		C7F34AB12087622B00239101 /* Build configuration list for PBXProject "EMCalender" */ = {
			isa = XCConfigurationList;
			buildConfigurations = (
				C7F34ACA2087622C00239101 /* Debug */,
				C7F34ACB2087622C00239101 /* Release */,
			);
			defaultConfigurationIsVisible = 0;
			defaultConfigurationName = Release;
		};
		C7F34ACC2087622C00239101 /* Build configuration list for PBXNativeTarget "EMCalender" */ = {
			isa = XCConfigurationList;
			buildConfigurations = (
				C7F34ACD2087622C00239101 /* Debug */,
				C7F34ACE2087622C00239101 /* Release */,
			);
			defaultConfigurationIsVisible = 0;
			defaultConfigurationName = Release;
		};
/* End XCConfigurationList section */
	};
	rootObject = C7F34AAE2087622B00239101 /* Project object */;
}
